// !$*UTF8*$!
{
	archiveVersion = 1;
	classes = {
	};
	objectVersion = 46;
	objects = {

/* Begin PBXBuildFile section */
		1805FF9B1D1B11440005E8AD /* main.m in Sources */ = {isa = PBXBuildFile; fileRef = 1805FF9A1D1B11440005E8AD /* main.m */; };
		1805FF9E1D1B11440005E8AD /* AppDelegate.m in Sources */ = {isa = PBXBuildFile; fileRef = 1805FF9D1D1B11440005E8AD /* AppDelegate.m */; };
		1805FFA41D1B11450005E8AD /* Main.storyboard in Resources */ = {isa = PBXBuildFile; fileRef = 1805FFA21D1B11450005E8AD /* Main.storyboard */; };
		1805FFA91D1B11450005E8AD /* LaunchScreen.storyboard in Resources */ = {isa = PBXBuildFile; fileRef = 1805FFA71D1B11450005E8AD /* LaunchScreen.storyboard */; };
		1805FFC01D1B37780005E8AD /* VPSliderMenuVC.m in Sources */ = {isa = PBXBuildFile; fileRef = 1805FFBF1D1B37780005E8AD /* VPSliderMenuVC.m */; };
		1805FFC31D1B37A40005E8AD /* VPECSliderVC.m in Sources */ = {isa = PBXBuildFile; fileRef = 1805FFC21D1B37A40005E8AD /* VPECSliderVC.m */; };
		180DDB371D1C093E00083967 /* MEDynamicTransition.m in Sources */ = {isa = PBXBuildFile; fileRef = 180DDB301D1C093E00083967 /* MEDynamicTransition.m */; };
		180DDB381D1C093E00083967 /* MEFoldAnimationController.m in Sources */ = {isa = PBXBuildFile; fileRef = 180DDB321D1C093E00083967 /* MEFoldAnimationController.m */; };
		180DDB391D1C093E00083967 /* METransitions.m in Sources */ = {isa = PBXBuildFile; fileRef = 180DDB341D1C093E00083967 /* METransitions.m */; };
		180DDB3A1D1C093E00083967 /* MEZoomAnimationController.m in Sources */ = {isa = PBXBuildFile; fileRef = 180DDB361D1C093E00083967 /* MEZoomAnimationController.m */; };
		180DDB431D1C242200083967 /* VPBaseUIButton.m in Sources */ = {isa = PBXBuildFile; fileRef = 180DDB421D1C242200083967 /* VPBaseUIButton.m */; };
		18F3D7AD1D1CB6E6009D8EE3 /* VPLoginVC.m in Sources */ = {isa = PBXBuildFile; fileRef = 18F3D7AC1D1CB6E6009D8EE3 /* VPLoginVC.m */; };
		18F3D7B31D1CB8C6009D8EE3 /* VPBaseTextField.m in Sources */ = {isa = PBXBuildFile; fileRef = 18F3D7B21D1CB8C6009D8EE3 /* VPBaseTextField.m */; };
		18F3D7B91D1CFDB8009D8EE3 /* TMBaseManager.m in Sources */ = {isa = PBXBuildFile; fileRef = 18F3D7B61D1CFDB8009D8EE3 /* TMBaseManager.m */; };
		18F3D7BA1D1CFDB8009D8EE3 /* TMSessionManager.m in Sources */ = {isa = PBXBuildFile; fileRef = 18F3D7B81D1CFDB8009D8EE3 /* TMSessionManager.m */; };
		18F3D7BD1D1CFFFB009D8EE3 /* NSDictionary+Helper.m in Sources */ = {isa = PBXBuildFile; fileRef = 18F3D7BC1D1CFFFB009D8EE3 /* NSDictionary+Helper.m */; };
		18F3D7C01D1D00E8009D8EE3 /* VPBaseVC.m in Sources */ = {isa = PBXBuildFile; fileRef = 18F3D7BF1D1D00E8009D8EE3 /* VPBaseVC.m */; };
		18F3D7C31D20E3EE009D8EE3 /* VPProductModel.m in Sources */ = {isa = PBXBuildFile; fileRef = 18F3D7C21D20E3EE009D8EE3 /* VPProductModel.m */; };
		18F3D7C61D20E52F009D8EE3 /* VPCategoriesModel.m in Sources */ = {isa = PBXBuildFile; fileRef = 18F3D7C51D20E52F009D8EE3 /* VPCategoriesModel.m */; };
		18F3D7C91D20E550009D8EE3 /* VPUsersModel.m in Sources */ = {isa = PBXBuildFile; fileRef = 18F3D7C81D20E550009D8EE3 /* VPUsersModel.m */; };
		18F3D7CC1D20F16C009D8EE3 /* VPFogotPasswordVC.m in Sources */ = {isa = PBXBuildFile; fileRef = 18F3D7CB1D20F16C009D8EE3 /* VPFogotPasswordVC.m */; };
		18F3D7CF1D20F18E009D8EE3 /* VPRegisterVC.m in Sources */ = {isa = PBXBuildFile; fileRef = 18F3D7CE1D20F18E009D8EE3 /* VPRegisterVC.m */; };
		18F3D7D61D214F21009D8EE3 /* VPDashboardVc.m in Sources */ = {isa = PBXBuildFile; fileRef = 18F3D7D51D214F21009D8EE3 /* VPDashboardVc.m */; };
		18F3D7F81D21866B009D8EE3 /* Assets.xcassets in Resources */ = {isa = PBXBuildFile; fileRef = 18F3D7F71D21866B009D8EE3 /* Assets.xcassets */; };
		C785C07E658B2F6FF4D83CB1 /* libPods.a in Frameworks */ = {isa = PBXBuildFile; fileRef = F1C05A173179EE92871EC128 /* libPods.a */; };
/* End PBXBuildFile section */

/* Begin PBXFileReference section */
		1805FF961D1B11440005E8AD /* vaperite.app */ = {isa = PBXFileReference; explicitFileType = wrapper.application; includeInIndex = 0; path = vaperite.app; sourceTree = BUILT_PRODUCTS_DIR; };
		1805FF9A1D1B11440005E8AD /* main.m */ = {isa = PBXFileReference; lastKnownFileType = sourcecode.c.objc; path = main.m; sourceTree = "<group>"; };
		1805FF9C1D1B11440005E8AD /* AppDelegate.h */ = {isa = PBXFileReference; lastKnownFileType = sourcecode.c.h; path = AppDelegate.h; sourceTree = "<group>"; };
		1805FF9D1D1B11440005E8AD /* AppDelegate.m */ = {isa = PBXFileReference; lastKnownFileType = sourcecode.c.objc; path = AppDelegate.m; sourceTree = "<group>"; };
		1805FFA31D1B11450005E8AD /* Base */ = {isa = PBXFileReference; lastKnownFileType = file.storyboard; name = Base; path = Base.lproj/Main.storyboard; sourceTree = "<group>"; };
		1805FFA81D1B11450005E8AD /* Base */ = {isa = PBXFileReference; lastKnownFileType = file.storyboard; name = Base; path = Base.lproj/LaunchScreen.storyboard; sourceTree = "<group>"; };
		1805FFAA1D1B11450005E8AD /* Info.plist */ = {isa = PBXFileReference; lastKnownFileType = text.plist.xml; path = Info.plist; sourceTree = "<group>"; };
		1805FFBE1D1B37780005E8AD /* VPSliderMenuVC.h */ = {isa = PBXFileReference; fileEncoding = 4; lastKnownFileType = sourcecode.c.h; name = VPSliderMenuVC.h; path = Classes/UX/VPSliderMenuVC.h; sourceTree = "<group>"; };
		1805FFBF1D1B37780005E8AD /* VPSliderMenuVC.m */ = {isa = PBXFileReference; fileEncoding = 4; lastKnownFileType = sourcecode.c.objc; name = VPSliderMenuVC.m; path = Classes/UX/VPSliderMenuVC.m; sourceTree = "<group>"; };
		1805FFC11D1B37A40005E8AD /* VPECSliderVC.h */ = {isa = PBXFileReference; fileEncoding = 4; lastKnownFileType = sourcecode.c.h; name = VPECSliderVC.h; path = Classes/UX/VPECSliderVC.h; sourceTree = "<group>"; };
		1805FFC21D1B37A40005E8AD /* VPECSliderVC.m */ = {isa = PBXFileReference; fileEncoding = 4; lastKnownFileType = sourcecode.c.objc; name = VPECSliderVC.m; path = Classes/UX/VPECSliderVC.m; sourceTree = "<group>"; };
		180DDB2F1D1C093E00083967 /* MEDynamicTransition.h */ = {isa = PBXFileReference; fileEncoding = 4; lastKnownFileType = sourcecode.c.h; path = MEDynamicTransition.h; sourceTree = "<group>"; };
		180DDB301D1C093E00083967 /* MEDynamicTransition.m */ = {isa = PBXFileReference; fileEncoding = 4; lastKnownFileType = sourcecode.c.objc; path = MEDynamicTransition.m; sourceTree = "<group>"; };
		180DDB311D1C093E00083967 /* MEFoldAnimationController.h */ = {isa = PBXFileReference; fileEncoding = 4; lastKnownFileType = sourcecode.c.h; path = MEFoldAnimationController.h; sourceTree = "<group>"; };
		180DDB321D1C093E00083967 /* MEFoldAnimationController.m */ = {isa = PBXFileReference; fileEncoding = 4; lastKnownFileType = sourcecode.c.objc; path = MEFoldAnimationController.m; sourceTree = "<group>"; };
		180DDB331D1C093E00083967 /* METransitions.h */ = {isa = PBXFileReference; fileEncoding = 4; lastKnownFileType = sourcecode.c.h; path = METransitions.h; sourceTree = "<group>"; };
		180DDB341D1C093E00083967 /* METransitions.m */ = {isa = PBXFileReference; fileEncoding = 4; lastKnownFileType = sourcecode.c.objc; path = METransitions.m; sourceTree = "<group>"; };
		180DDB351D1C093E00083967 /* MEZoomAnimationController.h */ = {isa = PBXFileReference; fileEncoding = 4; lastKnownFileType = sourcecode.c.h; path = MEZoomAnimationController.h; sourceTree = "<group>"; };
		180DDB361D1C093E00083967 /* MEZoomAnimationController.m */ = {isa = PBXFileReference; fileEncoding = 4; lastKnownFileType = sourcecode.c.objc; path = MEZoomAnimationController.m; sourceTree = "<group>"; };
		180DDB411D1C242200083967 /* VPBaseUIButton.h */ = {isa = PBXFileReference; fileEncoding = 4; lastKnownFileType = sourcecode.c.h; name = VPBaseUIButton.h; path = Classes/UX/VPBaseUIButton.h; sourceTree = "<group>"; };
		180DDB421D1C242200083967 /* VPBaseUIButton.m */ = {isa = PBXFileReference; fileEncoding = 4; lastKnownFileType = sourcecode.c.objc; name = VPBaseUIButton.m; path = Classes/UX/VPBaseUIButton.m; sourceTree = "<group>"; };
		18F3D7AB1D1CB6E6009D8EE3 /* VPLoginVC.h */ = {isa = PBXFileReference; fileEncoding = 4; lastKnownFileType = sourcecode.c.h; name = VPLoginVC.h; path = Classes/UX/VPLoginVC.h; sourceTree = "<group>"; };
		18F3D7AC1D1CB6E6009D8EE3 /* VPLoginVC.m */ = {isa = PBXFileReference; fileEncoding = 4; lastKnownFileType = sourcecode.c.objc; name = VPLoginVC.m; path = Classes/UX/VPLoginVC.m; sourceTree = "<group>"; };
		18F3D7B11D1CB8C6009D8EE3 /* VPBaseTextField.h */ = {isa = PBXFileReference; fileEncoding = 4; lastKnownFileType = sourcecode.c.h; path = VPBaseTextField.h; sourceTree = "<group>"; };
		18F3D7B21D1CB8C6009D8EE3 /* VPBaseTextField.m */ = {isa = PBXFileReference; fileEncoding = 4; lastKnownFileType = sourcecode.c.objc; path = VPBaseTextField.m; sourceTree = "<group>"; };
		18F3D7B51D1CFDB8009D8EE3 /* TMBaseManager.h */ = {isa = PBXFileReference; fileEncoding = 4; lastKnownFileType = sourcecode.c.h; path = TMBaseManager.h; sourceTree = "<group>"; };
		18F3D7B61D1CFDB8009D8EE3 /* TMBaseManager.m */ = {isa = PBXFileReference; fileEncoding = 4; lastKnownFileType = sourcecode.c.objc; path = TMBaseManager.m; sourceTree = "<group>"; };
		18F3D7B71D1CFDB8009D8EE3 /* TMSessionManager.h */ = {isa = PBXFileReference; fileEncoding = 4; lastKnownFileType = sourcecode.c.h; path = TMSessionManager.h; sourceTree = "<group>"; };
		18F3D7B81D1CFDB8009D8EE3 /* TMSessionManager.m */ = {isa = PBXFileReference; fileEncoding = 4; lastKnownFileType = sourcecode.c.objc; path = TMSessionManager.m; sourceTree = "<group>"; };
		18F3D7BB1D1CFFFB009D8EE3 /* NSDictionary+Helper.h */ = {isa = PBXFileReference; fileEncoding = 4; lastKnownFileType = sourcecode.c.h; name = "NSDictionary+Helper.h"; path = "Classes/Categories/NSDictionary+Helper.h"; sourceTree = "<group>"; };
		18F3D7BC1D1CFFFB009D8EE3 /* NSDictionary+Helper.m */ = {isa = PBXFileReference; fileEncoding = 4; lastKnownFileType = sourcecode.c.objc; name = "NSDictionary+Helper.m"; path = "Classes/Categories/NSDictionary+Helper.m"; sourceTree = "<group>"; };
		18F3D7BE1D1D00E8009D8EE3 /* VPBaseVC.h */ = {isa = PBXFileReference; fileEncoding = 4; lastKnownFileType = sourcecode.c.h; name = VPBaseVC.h; path = Classes/UX/VPBaseVC.h; sourceTree = "<group>"; };
		18F3D7BF1D1D00E8009D8EE3 /* VPBaseVC.m */ = {isa = PBXFileReference; fileEncoding = 4; lastKnownFileType = sourcecode.c.objc; name = VPBaseVC.m; path = Classes/UX/VPBaseVC.m; sourceTree = "<group>"; };
		18F3D7C11D20E3EE009D8EE3 /* VPProductModel.h */ = {isa = PBXFileReference; fileEncoding = 4; lastKnownFileType = sourcecode.c.h; name = VPProductModel.h; path = Classes/Models/VPProductModel.h; sourceTree = "<group>"; };
		18F3D7C21D20E3EE009D8EE3 /* VPProductModel.m */ = {isa = PBXFileReference; fileEncoding = 4; lastKnownFileType = sourcecode.c.objc; name = VPProductModel.m; path = Classes/Models/VPProductModel.m; sourceTree = "<group>"; };
		18F3D7C41D20E52F009D8EE3 /* VPCategoriesModel.h */ = {isa = PBXFileReference; fileEncoding = 4; lastKnownFileType = sourcecode.c.h; name = VPCategoriesModel.h; path = Classes/Models/VPCategoriesModel.h; sourceTree = "<group>"; };
		18F3D7C51D20E52F009D8EE3 /* VPCategoriesModel.m */ = {isa = PBXFileReference; fileEncoding = 4; lastKnownFileType = sourcecode.c.objc; name = VPCategoriesModel.m; path = Classes/Models/VPCategoriesModel.m; sourceTree = "<group>"; };
		18F3D7C71D20E550009D8EE3 /* VPUsersModel.h */ = {isa = PBXFileReference; fileEncoding = 4; lastKnownFileType = sourcecode.c.h; name = VPUsersModel.h; path = Classes/Models/VPUsersModel.h; sourceTree = "<group>"; };
		18F3D7C81D20E550009D8EE3 /* VPUsersModel.m */ = {isa = PBXFileReference; fileEncoding = 4; lastKnownFileType = sourcecode.c.objc; name = VPUsersModel.m; path = Classes/Models/VPUsersModel.m; sourceTree = "<group>"; };
		18F3D7CA1D20F16C009D8EE3 /* VPFogotPasswordVC.h */ = {isa = PBXFileReference; fileEncoding = 4; lastKnownFileType = sourcecode.c.h; name = VPFogotPasswordVC.h; path = Classes/UX/Login/VPFogotPasswordVC.h; sourceTree = "<group>"; };
		18F3D7CB1D20F16C009D8EE3 /* VPFogotPasswordVC.m */ = {isa = PBXFileReference; fileEncoding = 4; lastKnownFileType = sourcecode.c.objc; name = VPFogotPasswordVC.m; path = Classes/UX/Login/VPFogotPasswordVC.m; sourceTree = "<group>"; };
		18F3D7CD1D20F18E009D8EE3 /* VPRegisterVC.h */ = {isa = PBXFileReference; fileEncoding = 4; lastKnownFileType = sourcecode.c.h; name = VPRegisterVC.h; path = Classes/UX/Login/VPRegisterVC.h; sourceTree = "<group>"; };
		18F3D7CE1D20F18E009D8EE3 /* VPRegisterVC.m */ = {isa = PBXFileReference; fileEncoding = 4; lastKnownFileType = sourcecode.c.objc; name = VPRegisterVC.m; path = Classes/UX/Login/VPRegisterVC.m; sourceTree = "<group>"; };
		18F3D7D41D214F21009D8EE3 /* VPDashboardVc.h */ = {isa = PBXFileReference; fileEncoding = 4; lastKnownFileType = sourcecode.c.h; name = VPDashboardVc.h; path = Classes/UX/VPDashboardVc.h; sourceTree = "<group>"; };
		18F3D7D51D214F21009D8EE3 /* VPDashboardVc.m */ = {isa = PBXFileReference; fileEncoding = 4; lastKnownFileType = sourcecode.c.objc; name = VPDashboardVc.m; path = Classes/UX/VPDashboardVc.m; sourceTree = "<group>"; };
		18F3D7F71D21866B009D8EE3 /* Assets.xcassets */ = {isa = PBXFileReference; lastKnownFileType = folder.assetcatalog; path = Assets.xcassets; sourceTree = "<group>"; };
		6954208BCF3AE6D358BC3B4A /* Pods.debug.xcconfig */ = {isa = PBXFileReference; includeInIndex = 1; lastKnownFileType = text.xcconfig; name = Pods.debug.xcconfig; path = "Pods/Target Support Files/Pods/Pods.debug.xcconfig"; sourceTree = "<group>"; };
		8E1A2E89789860391325720C /* Pods.release.xcconfig */ = {isa = PBXFileReference; includeInIndex = 1; lastKnownFileType = text.xcconfig; name = Pods.release.xcconfig; path = "Pods/Target Support Files/Pods/Pods.release.xcconfig"; sourceTree = "<group>"; };
		F1C05A173179EE92871EC128 /* libPods.a */ = {isa = PBXFileReference; explicitFileType = archive.ar; includeInIndex = 0; path = libPods.a; sourceTree = BUILT_PRODUCTS_DIR; };
/* End PBXFileReference section */

/* Begin PBXFrameworksBuildPhase section */
		1805FF931D1B11440005E8AD /* Frameworks */ = {
			isa = PBXFrameworksBuildPhase;
			buildActionMask = 2147483647;
			files = (
				C785C07E658B2F6FF4D83CB1 /* libPods.a in Frameworks */,
			);
			runOnlyForDeploymentPostprocessing = 0;
		};
/* End PBXFrameworksBuildPhase section */

/* Begin PBXGroup section */
		1805FF8D1D1B11440005E8AD = {
			isa = PBXGroup;
			children = (
				1805FF981D1B11440005E8AD /* vaperite */,
				1805FF971D1B11440005E8AD /* Products */,
				96051309DD6B78049604577D /* Pods */,
				7965E9904499BE3830A3DC33 /* Frameworks */,
			);
			sourceTree = "<group>";
		};
		1805FF971D1B11440005E8AD /* Products */ = {
			isa = PBXGroup;
			children = (
				1805FF961D1B11440005E8AD /* vaperite.app */,
			);
			name = Products;
			sourceTree = "<group>";
		};
		1805FF981D1B11440005E8AD /* vaperite */ = {
			isa = PBXGroup;
			children = (
				1805FFB71D1B1FAD0005E8AD /* Resources */,
				1805FFB61D1B1F9D0005E8AD /* Classes */,
				1805FFAA1D1B11450005E8AD /* Info.plist */,
				1805FF991D1B11440005E8AD /* Supporting Files */,
			);
			path = vaperite;
			sourceTree = "<group>";
		};
		1805FF991D1B11440005E8AD /* Supporting Files */ = {
			isa = PBXGroup;
			children = (
				1805FF9A1D1B11440005E8AD /* main.m */,
			);
			name = "Supporting Files";
			sourceTree = "<group>";
		};
		1805FFB01D1B1F490005E8AD /* Categories */ = {
			isa = PBXGroup;
			children = (
				18F3D7BB1D1CFFFB009D8EE3 /* NSDictionary+Helper.h */,
				18F3D7BC1D1CFFFB009D8EE3 /* NSDictionary+Helper.m */,
			);
			name = Categories;
			sourceTree = "<group>";
		};
		1805FFB11D1B1F600005E8AD /* AppDelegate */ = {
			isa = PBXGroup;
			children = (
				1805FF9C1D1B11440005E8AD /* AppDelegate.h */,
				1805FF9D1D1B11440005E8AD /* AppDelegate.m */,
			);
			name = AppDelegate;
			sourceTree = "<group>";
		};
		1805FFB21D1B1F6C0005E8AD /* Libraries */ = {
			isa = PBXGroup;
			children = (
			);
			name = Libraries;
			sourceTree = "<group>";
		};
		1805FFB41D1B1F7B0005E8AD /* Models */ = {
			isa = PBXGroup;
			children = (
				18F3D7C11D20E3EE009D8EE3 /* VPProductModel.h */,
				18F3D7C21D20E3EE009D8EE3 /* VPProductModel.m */,
				18F3D7C41D20E52F009D8EE3 /* VPCategoriesModel.h */,
				18F3D7C51D20E52F009D8EE3 /* VPCategoriesModel.m */,
				18F3D7C71D20E550009D8EE3 /* VPUsersModel.h */,
				18F3D7C81D20E550009D8EE3 /* VPUsersModel.m */,
			);
			name = Models;
			sourceTree = "<group>";
		};
		1805FFB51D1B1F820005E8AD /* UX */ = {
			isa = PBXGroup;
			children = (
				18F3D7D01D20F19D009D8EE3 /* Login */,
				180DDB4B1D1C291600083967 /* Menu */,
				180DDB4A1D1C28E300083967 /* BaseControllers */,
				180DDB2E1D1C093E00083967 /* Transitions */,
				18F3D7D41D214F21009D8EE3 /* VPDashboardVc.h */,
				18F3D7D51D214F21009D8EE3 /* VPDashboardVc.m */,
			);
			name = UX;
			sourceTree = "<group>";
		};
		1805FFB61D1B1F9D0005E8AD /* Classes */ = {
			isa = PBXGroup;
			children = (
				1805FFB51D1B1F820005E8AD /* UX */,
				1805FFB41D1B1F7B0005E8AD /* Models */,
				18F3D7B41D1CFDB8009D8EE3 /* Managers */,
				1805FFB21D1B1F6C0005E8AD /* Libraries */,
				1805FFB11D1B1F600005E8AD /* AppDelegate */,
				1805FFB01D1B1F490005E8AD /* Categories */,
			);
			name = Classes;
			sourceTree = "<group>";
		};
		1805FFB71D1B1FAD0005E8AD /* Resources */ = {
			isa = PBXGroup;
			children = (
				18F3D7F71D21866B009D8EE3 /* Assets.xcassets */,
				1805FFA21D1B11450005E8AD /* Main.storyboard */,
				1805FFA71D1B11450005E8AD /* LaunchScreen.storyboard */,
			);
			name = Resources;
			sourceTree = "<group>";
		};
		180DDB2E1D1C093E00083967 /* Transitions */ = {
			isa = PBXGroup;
			children = (
				180DDB2F1D1C093E00083967 /* MEDynamicTransition.h */,
				180DDB301D1C093E00083967 /* MEDynamicTransition.m */,
				180DDB311D1C093E00083967 /* MEFoldAnimationController.h */,
				180DDB321D1C093E00083967 /* MEFoldAnimationController.m */,
				180DDB331D1C093E00083967 /* METransitions.h */,
				180DDB341D1C093E00083967 /* METransitions.m */,
				180DDB351D1C093E00083967 /* MEZoomAnimationController.h */,
				180DDB361D1C093E00083967 /* MEZoomAnimationController.m */,
			);
			name = Transitions;
			path = Classes/UX/Transitions;
			sourceTree = "<group>";
		};
		180DDB4A1D1C28E300083967 /* BaseControllers */ = {
			isa = PBXGroup;
			children = (
				180DDB411D1C242200083967 /* VPBaseUIButton.h */,
				180DDB421D1C242200083967 /* VPBaseUIButton.m */,
				18F3D7B11D1CB8C6009D8EE3 /* VPBaseTextField.h */,
				18F3D7B21D1CB8C6009D8EE3 /* VPBaseTextField.m */,
				18F3D7BE1D1D00E8009D8EE3 /* VPBaseVC.h */,
				18F3D7BF1D1D00E8009D8EE3 /* VPBaseVC.m */,
			);
			name = BaseControllers;
			sourceTree = "<group>";
		};
		180DDB4B1D1C291600083967 /* Menu */ = {
			isa = PBXGroup;
			children = (
				1805FFBE1D1B37780005E8AD /* VPSliderMenuVC.h */,
				1805FFBF1D1B37780005E8AD /* VPSliderMenuVC.m */,
				1805FFC11D1B37A40005E8AD /* VPECSliderVC.h */,
				1805FFC21D1B37A40005E8AD /* VPECSliderVC.m */,
			);
			name = Menu;
			sourceTree = "<group>";
		};
		18F3D7B41D1CFDB8009D8EE3 /* Managers */ = {
			isa = PBXGroup;
			children = (
				18F3D7B51D1CFDB8009D8EE3 /* TMBaseManager.h */,
				18F3D7B61D1CFDB8009D8EE3 /* TMBaseManager.m */,
				18F3D7B71D1CFDB8009D8EE3 /* TMSessionManager.h */,
				18F3D7B81D1CFDB8009D8EE3 /* TMSessionManager.m */,
			);
			name = Managers;
			path = Classes/Managers;
			sourceTree = "<group>";
		};
		18F3D7D01D20F19D009D8EE3 /* Login */ = {
			isa = PBXGroup;
			children = (
				18F3D7AB1D1CB6E6009D8EE3 /* VPLoginVC.h */,
				18F3D7AC1D1CB6E6009D8EE3 /* VPLoginVC.m */,
				18F3D7CA1D20F16C009D8EE3 /* VPFogotPasswordVC.h */,
				18F3D7CB1D20F16C009D8EE3 /* VPFogotPasswordVC.m */,
				18F3D7CD1D20F18E009D8EE3 /* VPRegisterVC.h */,
				18F3D7CE1D20F18E009D8EE3 /* VPRegisterVC.m */,
			);
			name = Login;
			sourceTree = "<group>";
		};
		7965E9904499BE3830A3DC33 /* Frameworks */ = {
			isa = PBXGroup;
			children = (
				F1C05A173179EE92871EC128 /* libPods.a */,
			);
			name = Frameworks;
			sourceTree = "<group>";
		};
		96051309DD6B78049604577D /* Pods */ = {
			isa = PBXGroup;
			children = (
				6954208BCF3AE6D358BC3B4A /* Pods.debug.xcconfig */,
				8E1A2E89789860391325720C /* Pods.release.xcconfig */,
			);
			name = Pods;
			sourceTree = "<group>";
		};
/* End PBXGroup section */

/* Begin PBXNativeTarget section */
		1805FF951D1B11440005E8AD /* vaperite */ = {
			isa = PBXNativeTarget;
			buildConfigurationList = 1805FFAD1D1B11450005E8AD /* Build configuration list for PBXNativeTarget "vaperite" */;
			buildPhases = (
				2C9EF55DA4EA504F45B282E1 /* Check Pods Manifest.lock */,
				1805FF921D1B11440005E8AD /* Sources */,
				1805FF931D1B11440005E8AD /* Frameworks */,
				1805FF941D1B11440005E8AD /* Resources */,
				0B471AFF8EAC8C736E46DBFF /* Embed Pods Frameworks */,
				C132FA5FA69F5574DF37E8C5 /* Copy Pods Resources */,
			);
			buildRules = (
			);
			dependencies = (
			);
			name = vaperite;
			productName = vaperite;
			productReference = 1805FF961D1B11440005E8AD /* vaperite.app */;
			productType = "com.apple.product-type.application";
		};
/* End PBXNativeTarget section */

/* Begin PBXProject section */
		1805FF8E1D1B11440005E8AD /* Project object */ = {
			isa = PBXProject;
			attributes = {
				LastUpgradeCheck = 0720;
				ORGANIZATIONNAME = Apple;
				TargetAttributes = {
					1805FF951D1B11440005E8AD = {
						CreatedOnToolsVersion = 7.2.1;
					};
				};
			};
			buildConfigurationList = 1805FF911D1B11440005E8AD /* Build configuration list for PBXProject "vaperite" */;
			compatibilityVersion = "Xcode 3.2";
			developmentRegion = English;
			hasScannedForEncodings = 0;
			knownRegions = (
				en,
				Base,
			);
			mainGroup = 1805FF8D1D1B11440005E8AD;
			productRefGroup = 1805FF971D1B11440005E8AD /* Products */;
			projectDirPath = "";
			projectRoot = "";
			targets = (
				1805FF951D1B11440005E8AD /* vaperite */,
			);
		};
/* End PBXProject section */

/* Begin PBXResourcesBuildPhase section */
		1805FF941D1B11440005E8AD /* Resources */ = {
			isa = PBXResourcesBuildPhase;
			buildActionMask = 2147483647;
			files = (
				1805FFA91D1B11450005E8AD /* LaunchScreen.storyboard in Resources */,
				18F3D7F81D21866B009D8EE3 /* Assets.xcassets in Resources */,
				1805FFA41D1B11450005E8AD /* Main.storyboard in Resources */,
			);
			runOnlyForDeploymentPostprocessing = 0;
		};
/* End PBXResourcesBuildPhase section */

/* Begin PBXShellScriptBuildPhase section */
		0B471AFF8EAC8C736E46DBFF /* Embed Pods Frameworks */ = {
			isa = PBXShellScriptBuildPhase;
			buildActionMask = 2147483647;
			files = (
			);
			inputPaths = (
			);
			name = "Embed Pods Frameworks";
			outputPaths = (
			);
			runOnlyForDeploymentPostprocessing = 0;
			shellPath = /bin/sh;
			shellScript = "\"${SRCROOT}/Pods/Target Support Files/Pods/Pods-frameworks.sh\"\n";
			showEnvVarsInLog = 0;
		};
		2C9EF55DA4EA504F45B282E1 /* Check Pods Manifest.lock */ = {
			isa = PBXShellScriptBuildPhase;
			buildActionMask = 2147483647;
			files = (
			);
			inputPaths = (
			);
			name = "Check Pods Manifest.lock";
			outputPaths = (
			);
			runOnlyForDeploymentPostprocessing = 0;
			shellPath = /bin/sh;
			shellScript = "diff \"${PODS_ROOT}/../Podfile.lock\" \"${PODS_ROOT}/Manifest.lock\" > /dev/null\nif [[ $? != 0 ]] ; then\n    cat << EOM\nerror: The sandbox is not in sync with the Podfile.lock. Run 'pod install' or update your CocoaPods installation.\nEOM\n    exit 1\nfi\n";
			showEnvVarsInLog = 0;
		};
		C132FA5FA69F5574DF37E8C5 /* Copy Pods Resources */ = {
			isa = PBXShellScriptBuildPhase;
			buildActionMask = 2147483647;
			files = (
			);
			inputPaths = (
			);
			name = "Copy Pods Resources";
			outputPaths = (
			);
			runOnlyForDeploymentPostprocessing = 0;
			shellPath = /bin/sh;
			shellScript = "\"${SRCROOT}/Pods/Target Support Files/Pods/Pods-resources.sh\"\n";
			showEnvVarsInLog = 0;
		};
/* End PBXShellScriptBuildPhase section */

/* Begin PBXSourcesBuildPhase section */
		1805FF921D1B11440005E8AD /* Sources */ = {
			isa = PBXSourcesBuildPhase;
			buildActionMask = 2147483647;
			files = (
				18F3D7CC1D20F16C009D8EE3 /* VPFogotPasswordVC.m in Sources */,
				18F3D7CF1D20F18E009D8EE3 /* VPRegisterVC.m in Sources */,
				1805FF9E1D1B11440005E8AD /* AppDelegate.m in Sources */,
				18F3D7AD1D1CB6E6009D8EE3 /* VPLoginVC.m in Sources */,
				180DDB3A1D1C093E00083967 /* MEZoomAnimationController.m in Sources */,
				18F3D7C31D20E3EE009D8EE3 /* VPProductModel.m in Sources */,
				18F3D7BD1D1CFFFB009D8EE3 /* NSDictionary+Helper.m in Sources */,
				180DDB381D1C093E00083967 /* MEFoldAnimationController.m in Sources */,
				180DDB391D1C093E00083967 /* METransitions.m in Sources */,
				18F3D7C61D20E52F009D8EE3 /* VPCategoriesModel.m in Sources */,
				1805FFC01D1B37780005E8AD /* VPSliderMenuVC.m in Sources */,
				18F3D7B31D1CB8C6009D8EE3 /* VPBaseTextField.m in Sources */,
				18F3D7C91D20E550009D8EE3 /* VPUsersModel.m in Sources */,
				18F3D7C01D1D00E8009D8EE3 /* VPBaseVC.m in Sources */,
				1805FF9B1D1B11440005E8AD /* main.m in Sources */,
				18F3D7B91D1CFDB8009D8EE3 /* TMBaseManager.m in Sources */,
				180DDB431D1C242200083967 /* VPBaseUIButton.m in Sources */,
				18F3D7D61D214F21009D8EE3 /* VPDashboardVc.m in Sources */,
				180DDB371D1C093E00083967 /* MEDynamicTransition.m in Sources */,
				18F3D7BA1D1CFDB8009D8EE3 /* TMSessionManager.m in Sources */,
				1805FFC31D1B37A40005E8AD /* VPECSliderVC.m in Sources */,
			);
			runOnlyForDeploymentPostprocessing = 0;
		};
/* End PBXSourcesBuildPhase section */

/* Begin PBXVariantGroup section */
		1805FFA21D1B11450005E8AD /* Main.storyboard */ = {
			isa = PBXVariantGroup;
			children = (
				1805FFA31D1B11450005E8AD /* Base */,
			);
			name = Main.storyboard;
			sourceTree = "<group>";
		};
		1805FFA71D1B11450005E8AD /* LaunchScreen.storyboard */ = {
			isa = PBXVariantGroup;
			children = (
				1805FFA81D1B11450005E8AD /* Base */,
			);
			name = LaunchScreen.storyboard;
			sourceTree = "<group>";
		};
/* End PBXVariantGroup section */

/* Begin XCBuildConfiguration section */
		1805FFAB1D1B11450005E8AD /* Debug */ = {
			isa = XCBuildConfiguration;
			buildSettings = {
				ALWAYS_SEARCH_USER_PATHS = NO;
				CLANG_CXX_LANGUAGE_STANDARD = "gnu++0x";
				CLANG_CXX_LIBRARY = "libc++";
				CLANG_ENABLE_MODULES = YES;
				CLANG_ENABLE_OBJC_ARC = YES;
				CLANG_WARN_BOOL_CONVERSION = YES;
				CLANG_WARN_CONSTANT_CONVERSION = YES;
				CLANG_WARN_DIRECT_OBJC_ISA_USAGE = YES_ERROR;
				CLANG_WARN_EMPTY_BODY = YES;
				CLANG_WARN_ENUM_CONVERSION = YES;
				CLANG_WARN_INT_CONVERSION = YES;
				CLANG_WARN_OBJC_ROOT_CLASS = YES_ERROR;
				CLANG_WARN_UNREACHABLE_CODE = YES;
				CLANG_WARN__DUPLICATE_METHOD_MATCH = YES;
				"CODE_SIGN_IDENTITY[sdk=iphoneos*]" = "iPhone Developer";
				COPY_PHASE_STRIP = NO;
				DEBUG_INFORMATION_FORMAT = dwarf;
				ENABLE_STRICT_OBJC_MSGSEND = YES;
				ENABLE_TESTABILITY = YES;
				GCC_C_LANGUAGE_STANDARD = gnu99;
				GCC_DYNAMIC_NO_PIC = NO;
				GCC_NO_COMMON_BLOCKS = YES;
				GCC_OPTIMIZATION_LEVEL = 0;
				GCC_PREPROCESSOR_DEFINITIONS = (
					"DEBUG=1",
					"$(inherited)",
				);
				GCC_WARN_64_TO_32_BIT_CONVERSION = YES;
				GCC_WARN_ABOUT_RETURN_TYPE = YES_ERROR;
				GCC_WARN_UNDECLARED_SELECTOR = YES;
				GCC_WARN_UNINITIALIZED_AUTOS = YES_AGGRESSIVE;
				GCC_WARN_UNUSED_FUNCTION = YES;
				GCC_WARN_UNUSED_VARIABLE = YES;
				IPHONEOS_DEPLOYMENT_TARGET = 9.2;
				MTL_ENABLE_DEBUG_INFO = YES;
				ONLY_ACTIVE_ARCH = YES;
				SDKROOT = iphoneos;
			};
			name = Debug;
		};
		1805FFAC1D1B11450005E8AD /* Release */ = {
			isa = XCBuildConfiguration;
			buildSettings = {
				ALWAYS_SEARCH_USER_PATHS = NO;
				CLANG_CXX_LANGUAGE_STANDARD = "gnu++0x";
				CLANG_CXX_LIBRARY = "libc++";
				CLANG_ENABLE_MODULES = YES;
				CLANG_ENABLE_OBJC_ARC = YES;
				CLANG_WARN_BOOL_CONVERSION = YES;
				CLANG_WARN_CONSTANT_CONVERSION = YES;
				CLANG_WARN_DIRECT_OBJC_ISA_USAGE = YES_ERROR;
				CLANG_WARN_EMPTY_BODY = YES;
				CLANG_WARN_ENUM_CONVERSION = YES;
				CLANG_WARN_INT_CONVERSION = YES;
				CLANG_WARN_OBJC_ROOT_CLASS = YES_ERROR;
				CLANG_WARN_UNREACHABLE_CODE = YES;
				CLANG_WARN__DUPLICATE_METHOD_MATCH = YES;
				"CODE_SIGN_IDENTITY[sdk=iphoneos*]" = "iPhone Developer";
				COPY_PHASE_STRIP = NO;
				DEBUG_INFORMATION_FORMAT = "dwarf-with-dsym";
				ENABLE_NS_ASSERTIONS = NO;
				ENABLE_STRICT_OBJC_MSGSEND = YES;
				GCC_C_LANGUAGE_STANDARD = gnu99;
				GCC_NO_COMMON_BLOCKS = YES;
				GCC_WARN_64_TO_32_BIT_CONVERSION = YES;
				GCC_WARN_ABOUT_RETURN_TYPE = YES_ERROR;
				GCC_WARN_UNDECLARED_SELECTOR = YES;
				GCC_WARN_UNINITIALIZED_AUTOS = YES_AGGRESSIVE;
				GCC_WARN_UNUSED_FUNCTION = YES;
				GCC_WARN_UNUSED_VARIABLE = YES;
				IPHONEOS_DEPLOYMENT_TARGET = 9.2;
				MTL_ENABLE_DEBUG_INFO = NO;
				SDKROOT = iphoneos;
				VALIDATE_PRODUCT = YES;
			};
			name = Release;
		};
		1805FFAE1D1B11450005E8AD /* Debug */ = {
			isa = XCBuildConfiguration;
			baseConfigurationReference = 6954208BCF3AE6D358BC3B4A /* Pods.debug.xcconfig */;
			buildSettings = {
				ASSETCATALOG_COMPILER_APPICON_NAME = AppIcon;
				INFOPLIST_FILE = vaperite/Info.plist;
				LD_RUNPATH_SEARCH_PATHS = "$(inherited) @executable_path/Frameworks";
				PRODUCT_BUNDLE_IDENTIFIER = developer.vaperite;
				PRODUCT_NAME = "$(TARGET_NAME)";
			};
			name = Debug;
		};
		1805FFAF1D1B11450005E8AD /* Release */ = {
			isa = XCBuildConfiguration;
			baseConfigurationReference = 8E1A2E89789860391325720C /* Pods.release.xcconfig */;
			buildSettings = {
				ASSETCATALOG_COMPILER_APPICON_NAME = AppIcon;
				INFOPLIST_FILE = vaperite/Info.plist;
				LD_RUNPATH_SEARCH_PATHS = "$(inherited) @executable_path/Frameworks";
				PRODUCT_BUNDLE_IDENTIFIER = developer.vaperite;
				PRODUCT_NAME = "$(TARGET_NAME)";
			};
			name = Release;
		};
/* End XCBuildConfiguration section */

/* Begin XCConfigurationList section */
		1805FF911D1B11440005E8AD /* Build configuration list for PBXProject "vaperite" */ = {
			isa = XCConfigurationList;
			buildConfigurations = (
				1805FFAB1D1B11450005E8AD /* Debug */,
				1805FFAC1D1B11450005E8AD /* Release */,
			);
			defaultConfigurationIsVisible = 0;
			defaultConfigurationName = Release;
		};
		1805FFAD1D1B11450005E8AD /* Build configuration list for PBXNativeTarget "vaperite" */ = {
			isa = XCConfigurationList;
			buildConfigurations = (
				1805FFAE1D1B11450005E8AD /* Debug */,
				1805FFAF1D1B11450005E8AD /* Release */,
			);
			defaultConfigurationIsVisible = 0;
			defaultConfigurationName = Release;
		};
/* End XCConfigurationList section */
	};
	rootObject = 1805FF8E1D1B11440005E8AD /* Project object */;
}
